
Microsoft Visual Studio Solution File, Format Version 12.00
# Visual Studio Version 16
VisualStudioVersion = 16.0.31624.102
MinimumVisualStudioVersion = 10.0.40219.1
Project("{9A19103F-16F7-4668-BE54-9A1E7A4F7556}") = "NetCore.LIS", "App\NetCore.LIS.csproj", "{B53CEAF9-0B17-40F7-AEE6-714FF48ED65F}"
EndProject
Project("{FAE04EC0-301F-11D3-BF4B-00C04F79EFBC}") = "LISTests", "LISTests\LISTests.csproj", "{71379FC5-77D6-47B6-B8C8-9BF8582D04B3}"
EndProject
Global
	GlobalSection(SolutionConfigurationPlatforms) = preSolution
		Debug|Any CPU = Debug|Any CPU
		Release|Any CPU = Release|Any CPU
	EndGlobalSection
	GlobalSection(ProjectConfigurationPlatforms) = postSolution
		{B53CEAF9-0B17-40F7-AEE6-714FF48ED65F}.Debug|Any CPU.ActiveCfg = Debug|Any CPU
		{B53CEAF9-0B17-40F7-AEE6-714FF48ED65F}.Debug|Any CPU.Build.0 = Debug|Any CPU
		{B53CEAF9-0B17-40F7-AEE6-714FF48ED65F}.Release|Any CPU.ActiveCfg = Release|Any CPU
		{B53CEAF9-0B17-40F7-AEE6-714FF48ED65F}.Release|Any CPU.Build.0 = Release|Any CPU
		{71379FC5-77D6-47B6-B8C8-9BF8582D04B3}.Debug|Any CPU.ActiveCfg = Debug|Any CPU
		{71379FC5-77D6-47B6-B8C8-9BF8582D04B3}.Debug|Any CPU.Build.0 = Debug|Any CPU
		{71379FC5-77D6-47B6-B8C8-9BF8582D04B3}.Release|Any CPU.ActiveCfg = Release|Any CPU
		{71379FC5-77D6-47B6-B8C8-9BF8582D04B3}.Release|Any CPU.Build.0 = Release|Any CPU
	EndGlobalSection
	GlobalSection(SolutionProperties) = preSolution
		HideSolutionNode = FALSE
	EndGlobalSection
	GlobalSection(ExtensibilityGlobals) = postSolution
		SolutionGuid = {43E2341B-6B98-46DC-ABDE-3E924D05C91A}
	EndGlobalSection
EndGlobal
